
Microsoft Visual Studio Solution File, Format Version 12.00
# Visual Studio Version 16
VisualStudioVersion = 16.0.31112.23
MinimumVisualStudioVersion = 10.0.40219.1
Project("{FAE04EC0-301F-11D3-BF4B-00C04F79EFBC}") = "TabbePageUI.Android", "TabbePageUI\TabbePageUI.Android\TabbePageUI.Android.csproj", "{9861C027-39F2-4D26-AE3F-FCB662A4F331}"
EndProject
Project("{FAE04EC0-301F-11D3-BF4B-00C04F79EFBC}") = "TabbePageUI.iOS", "TabbePageUI\TabbePageUI.iOS\TabbePageUI.iOS.csproj", "{A53663EF-CA89-48ED-9FEF-C180F132FACC}"
EndProject
Project("{FAE04EC0-301F-11D3-BF4B-00C04F79EFBC}") = "TabbePageUI", "TabbePageUI\TabbePageUI\TabbePageUI.csproj", "{6D24EAAD-19DD-4F85-A5D8-3939E557BCF7}"
EndProject
Global
	GlobalSection(SolutionConfigurationPlatforms) = preSolution
		Debug|Any CPU = Debug|Any CPU
		Debug|iPhone = Debug|iPhone
		Debug|iPhoneSimulator = Debug|iPhoneSimulator
		Release|Any CPU = Release|Any CPU
		Release|iPhone = Release|iPhone
		Release|iPhoneSimulator = Release|iPhoneSimulator
	EndGlobalSection
	GlobalSection(ProjectConfigurationPlatforms) = postSolution
		{9861C027-39F2-4D26-AE3F-FCB662A4F331}.Debug|Any CPU.ActiveCfg = Debug|Any CPU
		{9861C027-39F2-4D26-AE3F-FCB662A4F331}.Debug|Any CPU.Build.0 = Debug|Any CPU
		{9861C027-39F2-4D26-AE3F-FCB662A4F331}.Debug|Any CPU.Deploy.0 = Debug|Any CPU
		{9861C027-39F2-4D26-AE3F-FCB662A4F331}.Debug|iPhone.ActiveCfg = Debug|Any CPU
		{9861C027-39F2-4D26-AE3F-FCB662A4F331}.Debug|iPhone.Build.0 = Debug|Any CPU
		{9861C027-39F2-4D26-AE3F-FCB662A4F331}.Debug|iPhone.Deploy.0 = Debug|Any CPU
		{9861C027-39F2-4D26-AE3F-FCB662A4F331}.Debug|iPhoneSimulator.ActiveCfg = Debug|Any CPU
		{9861C027-39F2-4D26-AE3F-FCB662A4F331}.Debug|iPhoneSimulator.Build.0 = Debug|Any CPU
		{9861C027-39F2-4D26-AE3F-FCB662A4F331}.Debug|iPhoneSimulator.Deploy.0 = Debug|Any CPU
		{9861C027-39F2-4D26-AE3F-FCB662A4F331}.Release|Any CPU.ActiveCfg = Release|Any CPU
		{9861C027-39F2-4D26-AE3F-FCB662A4F331}.Release|Any CPU.Build.0 = Release|Any CPU
		{9861C027-39F2-4D26-AE3F-FCB662A4F331}.Release|Any CPU.Deploy.0 = Release|Any CPU
		{9861C027-39F2-4D26-AE3F-FCB662A4F331}.Release|iPhone.ActiveCfg = Release|Any CPU
		{9861C027-39F2-4D26-AE3F-FCB662A4F331}.Release|iPhone.Build.0 = Release|Any CPU
		{9861C027-39F2-4D26-AE3F-FCB662A4F331}.Release|iPhone.Deploy.0 = Release|Any CPU
		{9861C027-39F2-4D26-AE3F-FCB662A4F331}.Release|iPhoneSimulator.ActiveCfg = Release|Any CPU
		{9861C027-39F2-4D26-AE3F-FCB662A4F331}.Release|iPhoneSimulator.Build.0 = Release|Any CPU
		{9861C027-39F2-4D26-AE3F-FCB662A4F331}.Release|iPhoneSimulator.Deploy.0 = Release|Any CPU
		{A53663EF-CA89-48ED-9FEF-C180F132FACC}.Debug|Any CPU.ActiveCfg = Debug|iPhoneSimulator
		{A53663EF-CA89-48ED-9FEF-C180F132FACC}.Debug|iPhone.ActiveCfg = Debug|iPhone
		{A53663EF-CA89-48ED-9FEF-C180F132FACC}.Debug|iPhone.Build.0 = Debug|iPhone
		{A53663EF-CA89-48ED-9FEF-C180F132FACC}.Debug|iPhoneSimulator.ActiveCfg = Debug|iPhoneSimulator
		{A53663EF-CA89-48ED-9FEF-C180F132FACC}.Debug|iPhoneSimulator.Build.0 = Debug|iPhoneSimulator
		{A53663EF-CA89-48ED-9FEF-C180F132FACC}.Release|Any CPU.ActiveCfg = Release|iPhoneSimulator
		{A53663EF-CA89-48ED-9FEF-C180F132FACC}.Release|iPhone.ActiveCfg = Release|iPhone
		{A53663EF-CA89-48ED-9FEF-C180F132FACC}.Release|iPhone.Build.0 = Release|iPhone
		{A53663EF-CA89-48ED-9FEF-C180F132FACC}.Release|iPhoneSimulator.ActiveCfg = Release|iPhoneSimulator
		{A53663EF-CA89-48ED-9FEF-C180F132FACC}.Release|iPhoneSimulator.Build.0 = Release|iPhoneSimulator
		{6D24EAAD-19DD-4F85-A5D8-3939E557BCF7}.Debug|Any CPU.ActiveCfg = Debug|Any CPU
		{6D24EAAD-19DD-4F85-A5D8-3939E557BCF7}.Debug|Any CPU.Build.0 = Debug|Any CPU
		{6D24EAAD-19DD-4F85-A5D8-3939E557BCF7}.Debug|iPhone.ActiveCfg = Debug|Any CPU
		{6D24EAAD-19DD-4F85-A5D8-3939E557BCF7}.Debug|iPhone.Build.0 = Debug|Any CPU
		{6D24EAAD-19DD-4F85-A5D8-3939E557BCF7}.Debug|iPhoneSimulator.ActiveCfg = Debug|Any CPU
		{6D24EAAD-19DD-4F85-A5D8-3939E557BCF7}.Debug|iPhoneSimulator.Build.0 = Debug|Any CPU
		{6D24EAAD-19DD-4F85-A5D8-3939E557BCF7}.Release|Any CPU.ActiveCfg = Release|Any CPU
		{6D24EAAD-19DD-4F85-A5D8-3939E557BCF7}.Release|Any CPU.Build.0 = Release|Any CPU
		{6D24EAAD-19DD-4F85-A5D8-3939E557BCF7}.Release|iPhone.ActiveCfg = Release|Any CPU
		{6D24EAAD-19DD-4F85-A5D8-3939E557BCF7}.Release|iPhone.Build.0 = Release|Any CPU
		{6D24EAAD-19DD-4F85-A5D8-3939E557BCF7}.Release|iPhoneSimulator.ActiveCfg = Release|Any CPU
		{6D24EAAD-19DD-4F85-A5D8-3939E557BCF7}.Release|iPhoneSimulator.Build.0 = Release|Any CPU
	EndGlobalSection
	GlobalSection(SolutionProperties) = preSolution
		HideSolutionNode = FALSE
	EndGlobalSection
	GlobalSection(ExtensibilityGlobals) = postSolution
		SolutionGuid = {757AB79F-2FCA-4C35-9407-635D6739BB0A}
	EndGlobalSection
EndGlobal
